
Microsoft Visual Studio Solution File, Format Version 12.00
# Visual Studio Version 17
VisualStudioVersion = 17.7.34009.444
MinimumVisualStudioVersion = 10.0.40219.1
Project("{9A19103F-16F7-4668-BE54-9A1E7A4F7556}") = "SpecialTask", "SpecialTask\SpecialTask.csproj", "{71AC7347-8490-4749-8DBD-A0F94F19E227}"
EndProject
Project("{9A19103F-16F7-4668-BE54-9A1E7A4F7556}") = "SpecialTaskTest", "SpecialTaskTest\SpecialTaskTest.csproj", "{B913DF45-545E-4EF0-8A52-5FE9A09B9608}"
EndProject
Project("{FAE04EC0-301F-11D3-BF4B-00C04F79EFBC}") = "SpecialTaskConverter", "SpecialTaskConverter\SpecialTaskConverter.csproj", "{D1673483-D73A-41D2-A5C7-3F2420516580}"
EndProject
Global
	GlobalSection(SolutionConfigurationPlatforms) = preSolution
		Debug|Any CPU = Debug|Any CPU
		Debug|ARM = Debug|ARM
		Debug|ARM64 = Debug|ARM64
		Debug|x64 = Debug|x64
		Debug|x86 = Debug|x86
		Release|Any CPU = Release|Any CPU
		Release|ARM = Release|ARM
		Release|ARM64 = Release|ARM64
		Release|x64 = Release|x64
		Release|x86 = Release|x86
	EndGlobalSection
	GlobalSection(ProjectConfigurationPlatforms) = postSolution
		{71AC7347-8490-4749-8DBD-A0F94F19E227}.Debug|Any CPU.ActiveCfg = Debug|Any CPU
		{71AC7347-8490-4749-8DBD-A0F94F19E227}.Debug|Any CPU.Build.0 = Debug|Any CPU
		{71AC7347-8490-4749-8DBD-A0F94F19E227}.Debug|ARM.ActiveCfg = Debug|Any CPU
		{71AC7347-8490-4749-8DBD-A0F94F19E227}.Debug|ARM.Build.0 = Debug|Any CPU
		{71AC7347-8490-4749-8DBD-A0F94F19E227}.Debug|ARM64.ActiveCfg = Debug|Any CPU
		{71AC7347-8490-4749-8DBD-A0F94F19E227}.Debug|ARM64.Build.0 = Debug|Any CPU
		{71AC7347-8490-4749-8DBD-A0F94F19E227}.Debug|x64.ActiveCfg = Debug|Any CPU
		{71AC7347-8490-4749-8DBD-A0F94F19E227}.Debug|x64.Build.0 = Debug|Any CPU
		{71AC7347-8490-4749-8DBD-A0F94F19E227}.Debug|x86.ActiveCfg = Debug|Any CPU
		{71AC7347-8490-4749-8DBD-A0F94F19E227}.Debug|x86.Build.0 = Debug|Any CPU
		{71AC7347-8490-4749-8DBD-A0F94F19E227}.Release|Any CPU.ActiveCfg = Release|Any CPU
		{71AC7347-8490-4749-8DBD-A0F94F19E227}.Release|Any CPU.Build.0 = Release|Any CPU
		{71AC7347-8490-4749-8DBD-A0F94F19E227}.Release|ARM.ActiveCfg = Release|Any CPU
		{71AC7347-8490-4749-8DBD-A0F94F19E227}.Release|ARM.Build.0 = Release|Any CPU
		{71AC7347-8490-4749-8DBD-A0F94F19E227}.Release|ARM64.ActiveCfg = Release|Any CPU
		{71AC7347-8490-4749-8DBD-A0F94F19E227}.Release|ARM64.Build.0 = Release|Any CPU
		{71AC7347-8490-4749-8DBD-A0F94F19E227}.Release|x64.ActiveCfg = Release|Any CPU
		{71AC7347-8490-4749-8DBD-A0F94F19E227}.Release|x64.Build.0 = Release|Any CPU
		{71AC7347-8490-4749-8DBD-A0F94F19E227}.Release|x86.ActiveCfg = Release|Any CPU
		{71AC7347-8490-4749-8DBD-A0F94F19E227}.Release|x86.Build.0 = Release|Any CPU
		{B913DF45-545E-4EF0-8A52-5FE9A09B9608}.Debug|Any CPU.ActiveCfg = Debug|Any CPU
		{B913DF45-545E-4EF0-8A52-5FE9A09B9608}.Debug|Any CPU.Build.0 = Debug|Any CPU
		{B913DF45-545E-4EF0-8A52-5FE9A09B9608}.Debug|ARM.ActiveCfg = Debug|Any CPU
		{B913DF45-545E-4EF0-8A52-5FE9A09B9608}.Debug|ARM.Build.0 = Debug|Any CPU
		{B913DF45-545E-4EF0-8A52-5FE9A09B9608}.Debug|ARM64.ActiveCfg = Debug|Any CPU
		{B913DF45-545E-4EF0-8A52-5FE9A09B9608}.Debug|ARM64.Build.0 = Debug|Any CPU
		{B913DF45-545E-4EF0-8A52-5FE9A09B9608}.Debug|x64.ActiveCfg = Debug|Any CPU
		{B913DF45-545E-4EF0-8A52-5FE9A09B9608}.Debug|x64.Build.0 = Debug|Any CPU
		{B913DF45-545E-4EF0-8A52-5FE9A09B9608}.Debug|x86.ActiveCfg = Debug|Any CPU
		{B913DF45-545E-4EF0-8A52-5FE9A09B9608}.Debug|x86.Build.0 = Debug|Any CPU
		{B913DF45-545E-4EF0-8A52-5FE9A09B9608}.Release|Any CPU.ActiveCfg = Release|Any CPU
		{B913DF45-545E-4EF0-8A52-5FE9A09B9608}.Release|Any CPU.Build.0 = Release|Any CPU
		{B913DF45-545E-4EF0-8A52-5FE9A09B9608}.Release|ARM.ActiveCfg = Release|Any CPU
		{B913DF45-545E-4EF0-8A52-5FE9A09B9608}.Release|ARM.Build.0 = Release|Any CPU
		{B913DF45-545E-4EF0-8A52-5FE9A09B9608}.Release|ARM64.ActiveCfg = Release|Any CPU
		{B913DF45-545E-4EF0-8A52-5FE9A09B9608}.Release|ARM64.Build.0 = Release|Any CPU
		{B913DF45-545E-4EF0-8A52-5FE9A09B9608}.Release|x64.ActiveCfg = Release|Any CPU
		{B913DF45-545E-4EF0-8A52-5FE9A09B9608}.Release|x64.Build.0 = Release|Any CPU
		{B913DF45-545E-4EF0-8A52-5FE9A09B9608}.Release|x86.ActiveCfg = Release|Any CPU
		{B913DF45-545E-4EF0-8A52-5FE9A09B9608}.Release|x86.Build.0 = Release|Any CPU
		{D1673483-D73A-41D2-A5C7-3F2420516580}.Debug|Any CPU.ActiveCfg = Debug|Any CPU
		{D1673483-D73A-41D2-A5C7-3F2420516580}.Debug|Any CPU.Build.0 = Debug|Any CPU
		{D1673483-D73A-41D2-A5C7-3F2420516580}.Debug|ARM.ActiveCfg = Debug|Any CPU
		{D1673483-D73A-41D2-A5C7-3F2420516580}.Debug|ARM.Build.0 = Debug|Any CPU
		{D1673483-D73A-41D2-A5C7-3F2420516580}.Debug|ARM64.ActiveCfg = Debug|Any CPU
		{D1673483-D73A-41D2-A5C7-3F2420516580}.Debug|ARM64.Build.0 = Debug|Any CPU
		{D1673483-D73A-41D2-A5C7-3F2420516580}.Debug|x64.ActiveCfg = Debug|Any CPU
		{D1673483-D73A-41D2-A5C7-3F2420516580}.Debug|x64.Build.0 = Debug|Any CPU
		{D1673483-D73A-41D2-A5C7-3F2420516580}.Debug|x86.ActiveCfg = Debug|Any CPU
		{D1673483-D73A-41D2-A5C7-3F2420516580}.Debug|x86.Build.0 = Debug|Any CPU
		{D1673483-D73A-41D2-A5C7-3F2420516580}.Release|Any CPU.ActiveCfg = Release|Any CPU
		{D1673483-D73A-41D2-A5C7-3F2420516580}.Release|Any CPU.Build.0 = Release|Any CPU
		{D1673483-D73A-41D2-A5C7-3F2420516580}.Release|ARM.ActiveCfg = Release|Any CPU
		{D1673483-D73A-41D2-A5C7-3F2420516580}.Release|ARM.Build.0 = Release|Any CPU
		{D1673483-D73A-41D2-A5C7-3F2420516580}.Release|ARM64.ActiveCfg = Release|Any CPU
		{D1673483-D73A-41D2-A5C7-3F2420516580}.Release|ARM64.Build.0 = Release|Any CPU
		{D1673483-D73A-41D2-A5C7-3F2420516580}.Release|x64.ActiveCfg = Release|Any CPU
		{D1673483-D73A-41D2-A5C7-3F2420516580}.Release|x64.Build.0 = Release|Any CPU
		{D1673483-D73A-41D2-A5C7-3F2420516580}.Release|x86.ActiveCfg = Release|Any CPU
		{D1673483-D73A-41D2-A5C7-3F2420516580}.Release|x86.Build.0 = Release|Any CPU
	EndGlobalSection
	GlobalSection(SolutionProperties) = preSolution
		HideSolutionNode = FALSE
	EndGlobalSection
	GlobalSection(ExtensibilityGlobals) = postSolution
		SolutionGuid = {7C82C747-7B7C-4168-B13C-14D2A2AE7C59}
	EndGlobalSection
EndGlobal
